
Microsoft Visual Studio Solution File, Format Version 12.00
# Visual Studio Version 17
VisualStudioVersion = 17.9.34728.123
MinimumVisualStudioVersion = 10.0.40219.1
Project("{FAE04EC0-301F-11D3-BF4B-00C04F79EFBC}") = "ejemplo01", "ejemplo01.csproj", "{1B3355F8-FCE3-40DE-A7FB-D6E1B34EA2D8}"
EndProject
Project("{FAE04EC0-301F-11D3-BF4B-00C04F79EFBC}") = "validaPass", "..\validaPass\validaPass.csproj", "{B2957D0A-74A7-48C3-96CA-15D0E332A158}"
EndProject
Project("{FAE04EC0-301F-11D3-BF4B-00C04F79EFBC}") = "AppVentas", "..\AppVentas\AppVentas.csproj", "{DC40E541-5CAC-410E-B1F8-C6BBCEDF74CB}"
EndProject
Global
	GlobalSection(SolutionConfigurationPlatforms) = preSolution
		Debug|Any CPU = Debug|Any CPU
		Release|Any CPU = Release|Any CPU
	EndGlobalSection
	GlobalSection(ProjectConfigurationPlatforms) = postSolution
		{1B3355F8-FCE3-40DE-A7FB-D6E1B34EA2D8}.Debug|Any CPU.ActiveCfg = Debug|Any CPU
		{1B3355F8-FCE3-40DE-A7FB-D6E1B34EA2D8}.Debug|Any CPU.Build.0 = Debug|Any CPU
		{1B3355F8-FCE3-40DE-A7FB-D6E1B34EA2D8}.Release|Any CPU.ActiveCfg = Release|Any CPU
		{1B3355F8-FCE3-40DE-A7FB-D6E1B34EA2D8}.Release|Any CPU.Build.0 = Release|Any CPU
		{B2957D0A-74A7-48C3-96CA-15D0E332A158}.Debug|Any CPU.ActiveCfg = Debug|Any CPU
		{B2957D0A-74A7-48C3-96CA-15D0E332A158}.Debug|Any CPU.Build.0 = Debug|Any CPU
		{B2957D0A-74A7-48C3-96CA-15D0E332A158}.Release|Any CPU.ActiveCfg = Release|Any CPU
		{B2957D0A-74A7-48C3-96CA-15D0E332A158}.Release|Any CPU.Build.0 = Release|Any CPU
		{DC40E541-5CAC-410E-B1F8-C6BBCEDF74CB}.Debug|Any CPU.ActiveCfg = Debug|Any CPU
		{DC40E541-5CAC-410E-B1F8-C6BBCEDF74CB}.Debug|Any CPU.Build.0 = Debug|Any CPU
		{DC40E541-5CAC-410E-B1F8-C6BBCEDF74CB}.Release|Any CPU.ActiveCfg = Release|Any CPU
		{DC40E541-5CAC-410E-B1F8-C6BBCEDF74CB}.Release|Any CPU.Build.0 = Release|Any CPU
	EndGlobalSection
	GlobalSection(SolutionProperties) = preSolution
		HideSolutionNode = FALSE
	EndGlobalSection
	GlobalSection(ExtensibilityGlobals) = postSolution
		SolutionGuid = {60C4C5D3-DE3F-4882-AF19-BDA40AD8EFAE}
	EndGlobalSection
EndGlobal
