
Microsoft Visual Studio Solution File, Format Version 12.00
# Visual Studio Version 17
VisualStudioVersion = 17.9.34728.123
MinimumVisualStudioVersion = 10.0.40219.1
Project("{FAE04EC0-301F-11D3-BF4B-00C04F79EFBC}") = "CadenasBucles", "CadenasBucles.csproj", "{D2D93534-8A64-4BC3-9141-EBEBC527E640}"
EndProject
Project("{FAE04EC0-301F-11D3-BF4B-00C04F79EFBC}") = "App2", "..\App2\App2.csproj", "{2F44B689-526A-454B-8AEE-B1D3F11D750C}"
EndProject
Global
	GlobalSection(SolutionConfigurationPlatforms) = preSolution
		Debug|Any CPU = Debug|Any CPU
		Release|Any CPU = Release|Any CPU
	EndGlobalSection
	GlobalSection(ProjectConfigurationPlatforms) = postSolution
		{D2D93534-8A64-4BC3-9141-EBEBC527E640}.Debug|Any CPU.ActiveCfg = Debug|Any CPU
		{D2D93534-8A64-4BC3-9141-EBEBC527E640}.Debug|Any CPU.Build.0 = Debug|Any CPU
		{D2D93534-8A64-4BC3-9141-EBEBC527E640}.Release|Any CPU.ActiveCfg = Release|Any CPU
		{D2D93534-8A64-4BC3-9141-EBEBC527E640}.Release|Any CPU.Build.0 = Release|Any CPU
		{2F44B689-526A-454B-8AEE-B1D3F11D750C}.Debug|Any CPU.ActiveCfg = Debug|Any CPU
		{2F44B689-526A-454B-8AEE-B1D3F11D750C}.Debug|Any CPU.Build.0 = Debug|Any CPU
		{2F44B689-526A-454B-8AEE-B1D3F11D750C}.Release|Any CPU.ActiveCfg = Release|Any CPU
		{2F44B689-526A-454B-8AEE-B1D3F11D750C}.Release|Any CPU.Build.0 = Release|Any CPU
	EndGlobalSection
	GlobalSection(SolutionProperties) = preSolution
		HideSolutionNode = FALSE
	EndGlobalSection
	GlobalSection(ExtensibilityGlobals) = postSolution
		SolutionGuid = {B26FA85D-9F91-46E3-90AA-2D82C6C454C9}
	EndGlobalSection
EndGlobal
